{
  "version": 4,
  "terraform_version": "0.14.9",
  "serial": 5,
  "lineage": "c1d80dcc-ffb3-c42a-4eb9-832ca80b4d2c",
  "outputs": {},
  "resources": [
    {
      "mode": "managed",
      "type": "hcloud_network",
      "name": "network",
      "provider": "provider[\"registry.terraform.io/hetznercloud/hcloud\"]",
      "instances": [
        {
          "schema_version": 0,
          "attributes": {
            "id": "1089059",
            "ip_range": "10.0.0.0/16",
            "labels": null,
            "name": "network"
          },
          "sensitive_attributes": [],
          "private": "bnVsbA=="
        }
      ]
    },
    {
      "mode": "managed",
      "type": "hcloud_network_subnet",
      "name": "network-subnet",
      "provider": "provider[\"registry.terraform.io/hetznercloud/hcloud\"]",
      "instances": [
        {
          "schema_version": 0,
          "attributes": {
            "gateway": "10.0.0.1",
            "id": "1089059-10.0.1.0/24",
            "ip_range": "10.0.1.0/24",
            "network_id": 1089059,
            "network_zone": "eu-central",
            "type": "cloud",
            "vswitch_id": null
          },
          "sensitive_attributes": [],
          "private": "bnVsbA==",
          "dependencies": [
            "hcloud_network.network"
          ]
        }
      ]
    },
    {
      "mode": "managed",
      "type": "hcloud_server",
      "name": "server",
      "provider": "provider[\"registry.terraform.io/hetznercloud/hcloud\"]",
      "instances": [
        {
          "schema_version": 0,
          "attributes": {
            "backup_window": "",
            "backups": false,
            "datacenter": "nbg1-dc3",
            "firewall_ids": null,
            "id": "11226934",
            "image": "ubuntu-20.04",
            "ipv4_address": "162.55.51.195",
            "ipv6_address": "2a01:4f8:1c1c:90fa::1",
            "ipv6_network": "2a01:4f8:1c1c:90fa::/64",
            "iso": null,
            "keep_disk": false,
            "labels": null,
            "location": "nbg1",
            "name": "rancher",
            "network": [
              {
                "alias_ips": [
                  "10.0.1.6",
                  "10.0.1.7"
                ],
                "ip": "10.0.1.5",
                "mac_address": "",
                "network_id": 1089059
              }
            ],
            "rescue": null,
            "server_type": "cx11",
            "ssh_keys": null,
            "status": "running",
            "user_data": "kjue4BahU/gXXyLIqdBR8+4DJYk="
          },
          "sensitive_attributes": [],
          "private": "bnVsbA==",
          "dependencies": [
            "hcloud_network.network",
            "hcloud_network_subnet.network-subnet",
            "template_file.user_data_file"
          ]
        }
      ]
    },
    {
      "mode": "managed",
      "type": "template_file",
      "name": "user_data_file",
      "provider": "provider[\"registry.terraform.io/hashicorp/template\"]",
      "instances": [
        {
          "schema_version": 0,
          "attributes": {
            "filename": null,
            "id": "b7a5743d2fdc54b9ae1ef87210b139be77dda8b5b547f8fb3a44bd4f7991e28b",
            "rendered": "#cloud-config\nusers:\n  - name: rancher\n    ssh-authorized-keys: [\"ssh-rsa AAAAB3NzaC1yc2EAAAADAQABAAABgQDCWautNJ9Gh+4vXwik7AwoGc520RfqA0DEwKySTjrVh7G0bD3I877ykg8dyiDA06Jt1o1uxiczd1S4D33VoeusTBygRA5YUvjj8i3G1c16MfL6hcYbrew8/T81Hn2IEwOJNWg55YlsvodaNPXz2ePo9eu47yNvHsP36J0bh/0qWh097nrfC5IJee3A/F19f7cdFaSvadZUEoA4GMZ0W1XN0bHj9H/hsbTPxLSPk30PRbuKflj2sD1wqVC3p5iJwm2vcxyDT0OhiP8sBL+2I6nRrS+QQ7iQ2D+G58GnPZ5nAcz7eN+GwaBCOggLo6D7ITH+anLdiNF4FKwbzGYc7GSIwIIrJHJgWi0wVJ8H75JkBJmaQ1lmzx83mcZvXn7jzv0TqlcyUtk6csrvODRkT2wT6h9Lmg1ff+hBarOgRAd1Xr8Vh3EJFlLENtBaos2mBEXcU7iEubAysKfn+OgDjMyUB7bfRjs6Kj5SC6Fv4Fdli1iXm9dbO05CzRjzWM2O9OM=\"]\n    sudo: ['ALL=(ALL) NOPASSWD:ALL']\n    groups: sudo\n    shell: /bin/bash\npackages:\n  - docker.io\nruncmd:\n  - bash /opt/run.sh  \nwrite_files:\n  - path: /opt/run.sh\n    encoding: b64\n    owner: root:root\n    permissions: '0750'\n    content: |\n      IyEvYmluL2Jhc2gKCmRvY2tlciBydW4gLWQgLS1yZXN0YXJ0PXVubGVzcy1zdG9wcGVkIFwKICAtcCA4MDo4MCAtcCA0NDM6NDQzIFwKICAtLXByaXZpbGVnZWQgXAogIHJhbmNoZXIvcmFuY2hlcjpsYXRlc3QgXAogIC0tYWNtZS1kb21haW4gcmFuY2hlci53aXJlbG9zLm5ldA==",
            "template": "#cloud-config\nusers:\n  - name: rancher\n    ssh-authorized-keys: ${userdata_ssh_keys}\n    sudo: ['ALL=(ALL) NOPASSWD:ALL']\n    groups: sudo\n    shell: /bin/bash\npackages:\n  - docker.io\nruncmd:\n  - bash /opt/run.sh  \nwrite_files:\n  - path: /opt/run.sh\n    encoding: b64\n    owner: root:root\n    permissions: '0750'\n    content: |\n      ${userdata_runcmd}",
            "vars": {
              "userdata_runcmd": "IyEvYmluL2Jhc2gKCmRvY2tlciBydW4gLWQgLS1yZXN0YXJ0PXVubGVzcy1zdG9wcGVkIFwKICAtcCA4MDo4MCAtcCA0NDM6NDQzIFwKICAtLXByaXZpbGVnZWQgXAogIHJhbmNoZXIvcmFuY2hlcjpsYXRlc3QgXAogIC0tYWNtZS1kb21haW4gcmFuY2hlci53aXJlbG9zLm5ldA==",
              "userdata_ssh_keys": "[\"ssh-rsa AAAAB3NzaC1yc2EAAAADAQABAAABgQDCWautNJ9Gh+4vXwik7AwoGc520RfqA0DEwKySTjrVh7G0bD3I877ykg8dyiDA06Jt1o1uxiczd1S4D33VoeusTBygRA5YUvjj8i3G1c16MfL6hcYbrew8/T81Hn2IEwOJNWg55YlsvodaNPXz2ePo9eu47yNvHsP36J0bh/0qWh097nrfC5IJee3A/F19f7cdFaSvadZUEoA4GMZ0W1XN0bHj9H/hsbTPxLSPk30PRbuKflj2sD1wqVC3p5iJwm2vcxyDT0OhiP8sBL+2I6nRrS+QQ7iQ2D+G58GnPZ5nAcz7eN+GwaBCOggLo6D7ITH+anLdiNF4FKwbzGYc7GSIwIIrJHJgWi0wVJ8H75JkBJmaQ1lmzx83mcZvXn7jzv0TqlcyUtk6csrvODRkT2wT6h9Lmg1ff+hBarOgRAd1Xr8Vh3EJFlLENtBaos2mBEXcU7iEubAysKfn+OgDjMyUB7bfRjs6Kj5SC6Fv4Fdli1iXm9dbO05CzRjzWM2O9OM=\"]"
            }
          },
          "sensitive_attributes": [],
          "private": "bnVsbA=="
        }
      ]
    }
  ]
}
